// !$*UTF8*$!
{
	archiveVersion = 1;
	classes = {
	};
	objectVersion = 50;
	objects = {

/* Begin PBXBuildFile section */
		48384A842477872A00F7AE13 /* AppDelegate.swift in Sources */ = {isa = PBXBuildFile; fileRef = 48384A832477872A00F7AE13 /* AppDelegate.swift */; };
		48384A862477872A00F7AE13 /* SceneDelegate.swift in Sources */ = {isa = PBXBuildFile; fileRef = 48384A852477872A00F7AE13 /* SceneDelegate.swift */; };
		48384A882477872A00F7AE13 /* ContentView.swift in Sources */ = {isa = PBXBuildFile; fileRef = 48384A872477872A00F7AE13 /* ContentView.swift */; };
		48384A8A2477872F00F7AE13 /* Assets.xcassets in Resources */ = {isa = PBXBuildFile; fileRef = 48384A892477872F00F7AE13 /* Assets.xcassets */; };
		48384A8D2477872F00F7AE13 /* Preview Assets.xcassets in Resources */ = {isa = PBXBuildFile; fileRef = 48384A8C2477872F00F7AE13 /* Preview Assets.xcassets */; };
		48384A902477872F00F7AE13 /* LaunchScreen.storyboard in Resources */ = {isa = PBXBuildFile; fileRef = 48384A8E2477872F00F7AE13 /* LaunchScreen.storyboard */; };
		48384A9D2477B28F00F7AE13 /* ViewModifier.swift in Sources */ = {isa = PBXBuildFile; fileRef = 48384A9C2477B28F00F7AE13 /* ViewModifier.swift */; };
		485F9609247A6D9E00676299 /* CategoryTextView.swift in Sources */ = {isa = PBXBuildFile; fileRef = 485F9608247A6D9E00676299 /* CategoryTextView.swift */; };
		485F960C247A782400676299 /* Category1View.swift in Sources */ = {isa = PBXBuildFile; fileRef = 485F960B247A782400676299 /* Category1View.swift */; };
		485F960E247A78B900676299 /* Category2View.swift in Sources */ = {isa = PBXBuildFile; fileRef = 485F960D247A78B900676299 /* Category2View.swift */; };
		485F9610247A793600676299 /* Category3View.swift in Sources */ = {isa = PBXBuildFile; fileRef = 485F960F247A793600676299 /* Category3View.swift */; };
		485F9612247A797300676299 /* Category4View.swift in Sources */ = {isa = PBXBuildFile; fileRef = 485F9611247A797300676299 /* Category4View.swift */; };
		485F9615247AA43600676299 /* TabBarItemView.swift in Sources */ = {isa = PBXBuildFile; fileRef = 485F9614247AA43600676299 /* TabBarItemView.swift */; };
		485F9617247AA90800676299 /* TabBarRowView.swift in Sources */ = {isa = PBXBuildFile; fileRef = 485F9616247AA90800676299 /* TabBarRowView.swift */; };
		48644093247951C500AFB937 /* ProductRowView.swift in Sources */ = {isa = PBXBuildFile; fileRef = 48644092247951C500AFB937 /* ProductRowView.swift */; };
		486440A42479847D00AFB937 /* HomeView.swift in Sources */ = {isa = PBXBuildFile; fileRef = 486440A32479847D00AFB937 /* HomeView.swift */; };
		486440B324798BBB00AFB937 /* UIColorExtension.swift in Sources */ = {isa = PBXBuildFile; fileRef = 486440B024798BBB00AFB937 /* UIColorExtension.swift */; };
		486440B424798BBB00AFB937 /* ColorExtension.swift in Sources */ = {isa = PBXBuildFile; fileRef = 486440B124798BBB00AFB937 /* ColorExtension.swift */; };
		486440B524798BBB00AFB937 /* LinearGradientExtension.swift in Sources */ = {isa = PBXBuildFile; fileRef = 486440B224798BBB00AFB937 /* LinearGradientExtension.swift */; };
		48A37785247946BC008F913B /* ProductView.swift in Sources */ = {isa = PBXBuildFile; fileRef = 48A37784247946BC008F913B /* ProductView.swift */; };
		48A3778824794972008F913B /* TabView.swift in Sources */ = {isa = PBXBuildFile; fileRef = 48A3778724794972008F913B /* TabView.swift */; };
		48AD7411247EDF5100B4E330 /* ShowNavigationBarView.swift in Sources */ = {isa = PBXBuildFile; fileRef = 48AD7410247EDF5100B4E330 /* ShowNavigationBarView.swift */; };
		48AD7415247EE91100B4E330 /* InverseMask+ViewExtension.swift in Sources */ = {isa = PBXBuildFile; fileRef = 48AD7414247EE91100B4E330 /* InverseMask+ViewExtension.swift */; };
		48AD7418247F8B0B00B4E330 /* UnSelectedButtonView.swift in Sources */ = {isa = PBXBuildFile; fileRef = 48AD7417247F8B0B00B4E330 /* UnSelectedButtonView.swift */; };
/* End PBXBuildFile section */

/* Begin PBXFileReference section */
		48384A802477872A00F7AE13 /* Dunlop.app */ = {isa = PBXFileReference; explicitFileType = wrapper.application; includeInIndex = 0; path = Dunlop.app; sourceTree = BUILT_PRODUCTS_DIR; };
		48384A832477872A00F7AE13 /* AppDelegate.swift */ = {isa = PBXFileReference; lastKnownFileType = sourcecode.swift; path = AppDelegate.swift; sourceTree = "<group>"; };
		48384A852477872A00F7AE13 /* SceneDelegate.swift */ = {isa = PBXFileReference; lastKnownFileType = sourcecode.swift; path = SceneDelegate.swift; sourceTree = "<group>"; };
		48384A872477872A00F7AE13 /* ContentView.swift */ = {isa = PBXFileReference; lastKnownFileType = sourcecode.swift; path = ContentView.swift; sourceTree = "<group>"; };
		48384A892477872F00F7AE13 /* Assets.xcassets */ = {isa = PBXFileReference; lastKnownFileType = folder.assetcatalog; path = Assets.xcassets; sourceTree = "<group>"; };
		48384A8C2477872F00F7AE13 /* Preview Assets.xcassets */ = {isa = PBXFileReference; lastKnownFileType = folder.assetcatalog; path = "Preview Assets.xcassets"; sourceTree = "<group>"; };
		48384A8F2477872F00F7AE13 /* Base */ = {isa = PBXFileReference; lastKnownFileType = file.storyboard; name = Base; path = Base.lproj/LaunchScreen.storyboard; sourceTree = "<group>"; };
		48384A912477872F00F7AE13 /* Info.plist */ = {isa = PBXFileReference; lastKnownFileType = text.plist.xml; path = Info.plist; sourceTree = "<group>"; };
		48384A9C2477B28F00F7AE13 /* ViewModifier.swift */ = {isa = PBXFileReference; lastKnownFileType = sourcecode.swift; path = ViewModifier.swift; sourceTree = "<group>"; };
		485F9608247A6D9E00676299 /* CategoryTextView.swift */ = {isa = PBXFileReference; lastKnownFileType = sourcecode.swift; path = CategoryTextView.swift; sourceTree = "<group>"; };
		485F960B247A782400676299 /* Category1View.swift */ = {isa = PBXFileReference; lastKnownFileType = sourcecode.swift; path = Category1View.swift; sourceTree = "<group>"; };
		485F960D247A78B900676299 /* Category2View.swift */ = {isa = PBXFileReference; lastKnownFileType = sourcecode.swift; path = Category2View.swift; sourceTree = "<group>"; };
		485F960F247A793600676299 /* Category3View.swift */ = {isa = PBXFileReference; lastKnownFileType = sourcecode.swift; path = Category3View.swift; sourceTree = "<group>"; };
		485F9611247A797300676299 /* Category4View.swift */ = {isa = PBXFileReference; lastKnownFileType = sourcecode.swift; path = Category4View.swift; sourceTree = "<group>"; };
		485F9614247AA43600676299 /* TabBarItemView.swift */ = {isa = PBXFileReference; lastKnownFileType = sourcecode.swift; path = TabBarItemView.swift; sourceTree = "<group>"; };
		485F9616247AA90800676299 /* TabBarRowView.swift */ = {isa = PBXFileReference; lastKnownFileType = sourcecode.swift; path = TabBarRowView.swift; sourceTree = "<group>"; };
		48644092247951C500AFB937 /* ProductRowView.swift */ = {isa = PBXFileReference; lastKnownFileType = sourcecode.swift; path = ProductRowView.swift; sourceTree = "<group>"; };
		486440A32479847D00AFB937 /* HomeView.swift */ = {isa = PBXFileReference; lastKnownFileType = sourcecode.swift; path = HomeView.swift; sourceTree = "<group>"; };
		486440B024798BBB00AFB937 /* UIColorExtension.swift */ = {isa = PBXFileReference; fileEncoding = 4; lastKnownFileType = sourcecode.swift; path = UIColorExtension.swift; sourceTree = "<group>"; };
		486440B124798BBB00AFB937 /* ColorExtension.swift */ = {isa = PBXFileReference; fileEncoding = 4; lastKnownFileType = sourcecode.swift; path = ColorExtension.swift; sourceTree = "<group>"; };
		486440B224798BBB00AFB937 /* LinearGradientExtension.swift */ = {isa = PBXFileReference; fileEncoding = 4; lastKnownFileType = sourcecode.swift; path = LinearGradientExtension.swift; sourceTree = "<group>"; };
		48A37784247946BC008F913B /* ProductView.swift */ = {isa = PBXFileReference; lastKnownFileType = sourcecode.swift; path = ProductView.swift; sourceTree = "<group>"; };
		48A3778724794972008F913B /* TabView.swift */ = {isa = PBXFileReference; lastKnownFileType = sourcecode.swift; path = TabView.swift; sourceTree = "<group>"; };
		48AD7410247EDF5100B4E330 /* ShowNavigationBarView.swift */ = {isa = PBXFileReference; lastKnownFileType = sourcecode.swift; path = ShowNavigationBarView.swift; sourceTree = "<group>"; };
		48AD7414247EE91100B4E330 /* InverseMask+ViewExtension.swift */ = {isa = PBXFileReference; lastKnownFileType = sourcecode.swift; path = "InverseMask+ViewExtension.swift"; sourceTree = "<group>"; };
		48AD7417247F8B0B00B4E330 /* UnSelectedButtonView.swift */ = {isa = PBXFileReference; lastKnownFileType = sourcecode.swift; path = UnSelectedButtonView.swift; sourceTree = "<group>"; };
/* End PBXFileReference section */

/* Begin PBXFrameworksBuildPhase section */
		48384A7D2477872A00F7AE13 /* Frameworks */ = {
			isa = PBXFrameworksBuildPhase;
			buildActionMask = 2147483647;
			files = (
			);
			runOnlyForDeploymentPostprocessing = 0;
		};
/* End PBXFrameworksBuildPhase section */

/* Begin PBXGroup section */
		48384A772477872A00F7AE13 = {
			isa = PBXGroup;
			children = (
				48384A822477872A00F7AE13 /* Dunlop */,
				48384A812477872A00F7AE13 /* Products */,
			);
			sourceTree = "<group>";
		};
		48384A812477872A00F7AE13 /* Products */ = {
			isa = PBXGroup;
			children = (
				48384A802477872A00F7AE13 /* Dunlop.app */,
			);
			name = Products;
			sourceTree = "<group>";
		};
		48384A822477872A00F7AE13 /* Dunlop */ = {
			isa = PBXGroup;
			children = (
				486440AF24798BBB00AFB937 /* Extensions */,
				486440A22479846200AFB937 /* View */,
				48A3778624794960008F913B /* Enum */,
				48384A9B2477B27C00F7AE13 /* ViewModifier */,
				48384A832477872A00F7AE13 /* AppDelegate.swift */,
				48384A852477872A00F7AE13 /* SceneDelegate.swift */,
				48384A872477872A00F7AE13 /* ContentView.swift */,
				48384A972477B09300F7AE13 /* Content */,
				48384A892477872F00F7AE13 /* Assets.xcassets */,
				48384A8E2477872F00F7AE13 /* LaunchScreen.storyboard */,
				48384A912477872F00F7AE13 /* Info.plist */,
				48384A8B2477872F00F7AE13 /* Preview Content */,
			);
			path = Dunlop;
			sourceTree = "<group>";
		};
		48384A8B2477872F00F7AE13 /* Preview Content */ = {
			isa = PBXGroup;
			children = (
				48384A8C2477872F00F7AE13 /* Preview Assets.xcassets */,
			);
			path = "Preview Content";
			sourceTree = "<group>";
		};
		48384A972477B09300F7AE13 /* Content */ = {
			isa = PBXGroup;
			children = (
				485F9613247AA42100676299 /* TabBar */,
				485F960A247A780600676299 /* Category */,
				485F9607247A6D7D00676299 /* SubContent */,
				48A3778924794A0D008F913B /* Product */,
			);
			path = Content;
			sourceTree = "<group>";
		};
		48384A9B2477B27C00F7AE13 /* ViewModifier */ = {
			isa = PBXGroup;
			children = (
				48384A9C2477B28F00F7AE13 /* ViewModifier.swift */,
			);
			path = ViewModifier;
			sourceTree = "<group>";
		};
		485F9607247A6D7D00676299 /* SubContent */ = {
			isa = PBXGroup;
			children = (
				485F9608247A6D9E00676299 /* CategoryTextView.swift */,
			);
			path = SubContent;
			sourceTree = "<group>";
		};
		485F960A247A780600676299 /* Category */ = {
			isa = PBXGroup;
			children = (
				485F960B247A782400676299 /* Category1View.swift */,
				485F960D247A78B900676299 /* Category2View.swift */,
				485F960F247A793600676299 /* Category3View.swift */,
				485F9611247A797300676299 /* Category4View.swift */,
			);
			path = Category;
			sourceTree = "<group>";
		};
		485F9613247AA42100676299 /* TabBar */ = {
			isa = PBXGroup;
			children = (
				48AD7416247F8AEA00B4E330 /* Button */,
				485F9614247AA43600676299 /* TabBarItemView.swift */,
				485F9616247AA90800676299 /* TabBarRowView.swift */,
			);
			path = TabBar;
			sourceTree = "<group>";
		};
		486440A22479846200AFB937 /* View */ = {
			isa = PBXGroup;
			children = (
				486440A32479847D00AFB937 /* HomeView.swift */,
				48AD7410247EDF5100B4E330 /* ShowNavigationBarView.swift */,
			);
			path = View;
			sourceTree = "<group>";
		};
		486440AF24798BBB00AFB937 /* Extensions */ = {
			isa = PBXGroup;
			children = (
				486440B024798BBB00AFB937 /* UIColorExtension.swift */,
				486440B124798BBB00AFB937 /* ColorExtension.swift */,
				486440B224798BBB00AFB937 /* LinearGradientExtension.swift */,
				48AD7414247EE91100B4E330 /* InverseMask+ViewExtension.swift */,
			);
			path = Extensions;
			sourceTree = "<group>";
		};
		48A3778624794960008F913B /* Enum */ = {
			isa = PBXGroup;
			children = (
				48A3778724794972008F913B /* TabView.swift */,
			);
			path = Enum;
			sourceTree = "<group>";
		};
		48A3778924794A0D008F913B /* Product */ = {
			isa = PBXGroup;
			children = (
				48A37784247946BC008F913B /* ProductView.swift */,
				48644092247951C500AFB937 /* ProductRowView.swift */,
			);
			path = Product;
			sourceTree = "<group>";
		};
		48AD7416247F8AEA00B4E330 /* Button */ = {
			isa = PBXGroup;
			children = (
				48AD7417247F8B0B00B4E330 /* UnSelectedButtonView.swift */,
			);
			path = Button;
			sourceTree = "<group>";
		};
/* End PBXGroup section */

/* Begin PBXNativeTarget section */
		48384A7F2477872A00F7AE13 /* Dunlop */ = {
			isa = PBXNativeTarget;
			buildConfigurationList = 48384A942477872F00F7AE13 /* Build configuration list for PBXNativeTarget "Dunlop" */;
			buildPhases = (
				48384A7C2477872A00F7AE13 /* Sources */,
				48384A7D2477872A00F7AE13 /* Frameworks */,
				48384A7E2477872A00F7AE13 /* Resources */,
			);
			buildRules = (
			);
			dependencies = (
			);
			name = Dunlop;
			productName = Dunlop;
			productReference = 48384A802477872A00F7AE13 /* Dunlop.app */;
			productType = "com.apple.product-type.application";
		};
/* End PBXNativeTarget section */

/* Begin PBXProject section */
		48384A782477872A00F7AE13 /* Project object */ = {
			isa = PBXProject;
			attributes = {
				LastSwiftUpdateCheck = 1150;
				LastUpgradeCheck = 1150;
				ORGANIZATIONNAME = Kritbovorn;
				TargetAttributes = {
					48384A7F2477872A00F7AE13 = {
						CreatedOnToolsVersion = 11.5;
					};
				};
			};
			buildConfigurationList = 48384A7B2477872A00F7AE13 /* Build configuration list for PBXProject "Dunlop" */;
			compatibilityVersion = "Xcode 9.3";
			developmentRegion = en;
			hasScannedForEncodings = 0;
			knownRegions = (
				en,
				Base,
			);
			mainGroup = 48384A772477872A00F7AE13;
			productRefGroup = 48384A812477872A00F7AE13 /* Products */;
			projectDirPath = "";
			projectRoot = "";
			targets = (
				48384A7F2477872A00F7AE13 /* Dunlop */,
			);
		};
/* End PBXProject section */

/* Begin PBXResourcesBuildPhase section */
		48384A7E2477872A00F7AE13 /* Resources */ = {
			isa = PBXResourcesBuildPhase;
			buildActionMask = 2147483647;
			files = (
				48384A902477872F00F7AE13 /* LaunchScreen.storyboard in Resources */,
				48384A8D2477872F00F7AE13 /* Preview Assets.xcassets in Resources */,
				48384A8A2477872F00F7AE13 /* Assets.xcassets in Resources */,
			);
			runOnlyForDeploymentPostprocessing = 0;
		};
/* End PBXResourcesBuildPhase section */

/* Begin PBXSourcesBuildPhase section */
		48384A7C2477872A00F7AE13 /* Sources */ = {
			isa = PBXSourcesBuildPhase;
			buildActionMask = 2147483647;
			files = (
				48384A842477872A00F7AE13 /* AppDelegate.swift in Sources */,
				485F9612247A797300676299 /* Category4View.swift in Sources */,
				48384A862477872A00F7AE13 /* SceneDelegate.swift in Sources */,
				485F9617247AA90800676299 /* TabBarRowView.swift in Sources */,
				48384A9D2477B28F00F7AE13 /* ViewModifier.swift in Sources */,
				48AD7411247EDF5100B4E330 /* ShowNavigationBarView.swift in Sources */,
				48644093247951C500AFB937 /* ProductRowView.swift in Sources */,
				48A3778824794972008F913B /* TabView.swift in Sources */,
				485F9609247A6D9E00676299 /* CategoryTextView.swift in Sources */,
				48AD7415247EE91100B4E330 /* InverseMask+ViewExtension.swift in Sources */,
				486440B324798BBB00AFB937 /* UIColorExtension.swift in Sources */,
				486440A42479847D00AFB937 /* HomeView.swift in Sources */,
				485F960E247A78B900676299 /* Category2View.swift in Sources */,
				485F9610247A793600676299 /* Category3View.swift in Sources */,
				48A37785247946BC008F913B /* ProductView.swift in Sources */,
				48AD7418247F8B0B00B4E330 /* UnSelectedButtonView.swift in Sources */,
				485F9615247AA43600676299 /* TabBarItemView.swift in Sources */,
				485F960C247A782400676299 /* Category1View.swift in Sources */,
				48384A882477872A00F7AE13 /* ContentView.swift in Sources */,
				486440B424798BBB00AFB937 /* ColorExtension.swift in Sources */,
				486440B524798BBB00AFB937 /* LinearGradientExtension.swift in Sources */,
			);
			runOnlyForDeploymentPostprocessing = 0;
		};
/* End PBXSourcesBuildPhase section */

/* Begin PBXVariantGroup section */
		48384A8E2477872F00F7AE13 /* LaunchScreen.storyboard */ = {
			isa = PBXVariantGroup;
			children = (
				48384A8F2477872F00F7AE13 /* Base */,
			);
			name = LaunchScreen.storyboard;
			sourceTree = "<group>";
		};
/* End PBXVariantGroup section */

/* Begin XCBuildConfiguration section */
		48384A922477872F00F7AE13 /* Debug */ = {
			isa = XCBuildConfiguration;
			buildSettings = {
				ALWAYS_SEARCH_USER_PATHS = NO;
				CLANG_ANALYZER_NONNULL = YES;
				CLANG_ANALYZER_NUMBER_OBJECT_CONVERSION = YES_AGGRESSIVE;
				CLANG_CXX_LANGUAGE_STANDARD = "gnu++14";
				CLANG_CXX_LIBRARY = "libc++";
				CLANG_ENABLE_MODULES = YES;
				CLANG_ENABLE_OBJC_ARC = YES;
				CLANG_ENABLE_OBJC_WEAK = YES;
				CLANG_WARN_BLOCK_CAPTURE_AUTORELEASING = YES;
				CLANG_WARN_BOOL_CONVERSION = YES;
				CLANG_WARN_COMMA = YES;
				CLANG_WARN_CONSTANT_CONVERSION = YES;
				CLANG_WARN_DEPRECATED_OBJC_IMPLEMENTATIONS = YES;
				CLANG_WARN_DIRECT_OBJC_ISA_USAGE = YES_ERROR;
				CLANG_WARN_DOCUMENTATION_COMMENTS = YES;
				CLANG_WARN_EMPTY_BODY = YES;
				CLANG_WARN_ENUM_CONVERSION = YES;
				CLANG_WARN_INFINITE_RECURSION = YES;
				CLANG_WARN_INT_CONVERSION = YES;
				CLANG_WARN_NON_LITERAL_NULL_CONVERSION = YES;
				CLANG_WARN_OBJC_IMPLICIT_RETAIN_SELF = YES;
				CLANG_WARN_OBJC_LITERAL_CONVERSION = YES;
				CLANG_WARN_OBJC_ROOT_CLASS = YES_ERROR;
				CLANG_WARN_RANGE_LOOP_ANALYSIS = YES;
				CLANG_WARN_STRICT_PROTOTYPES = YES;
				CLANG_WARN_SUSPICIOUS_MOVE = YES;
				CLANG_WARN_UNGUARDED_AVAILABILITY = YES_AGGRESSIVE;
				CLANG_WARN_UNREACHABLE_CODE = YES;
				CLANG_WARN__DUPLICATE_METHOD_MATCH = YES;
				COPY_PHASE_STRIP = NO;
				DEBUG_INFORMATION_FORMAT = dwarf;
				ENABLE_STRICT_OBJC_MSGSEND = YES;
				ENABLE_TESTABILITY = YES;
				GCC_C_LANGUAGE_STANDARD = gnu11;
				GCC_DYNAMIC_NO_PIC = NO;
				GCC_NO_COMMON_BLOCKS = YES;
				GCC_OPTIMIZATION_LEVEL = 0;
				GCC_PREPROCESSOR_DEFINITIONS = (
					"DEBUG=1",
					"$(inherited)",
				);
				GCC_WARN_64_TO_32_BIT_CONVERSION = YES;
				GCC_WARN_ABOUT_RETURN_TYPE = YES_ERROR;
				GCC_WARN_UNDECLARED_SELECTOR = YES;
				GCC_WARN_UNINITIALIZED_AUTOS = YES_AGGRESSIVE;
				GCC_WARN_UNUSED_FUNCTION = YES;
				GCC_WARN_UNUSED_VARIABLE = YES;
				IPHONEOS_DEPLOYMENT_TARGET = 13.5;
				MTL_ENABLE_DEBUG_INFO = INCLUDE_SOURCE;
				MTL_FAST_MATH = YES;
				ONLY_ACTIVE_ARCH = YES;
				SDKROOT = iphoneos;
				SWIFT_ACTIVE_COMPILATION_CONDITIONS = DEBUG;
				SWIFT_OPTIMIZATION_LEVEL = "-Onone";
			};
			name = Debug;
		};
		48384A932477872F00F7AE13 /* Release */ = {
			isa = XCBuildConfiguration;
			buildSettings = {
				ALWAYS_SEARCH_USER_PATHS = NO;
				CLANG_ANALYZER_NONNULL = YES;
				CLANG_ANALYZER_NUMBER_OBJECT_CONVERSION = YES_AGGRESSIVE;
				CLANG_CXX_LANGUAGE_STANDARD = "gnu++14";
				CLANG_CXX_LIBRARY = "libc++";
				CLANG_ENABLE_MODULES = YES;
				CLANG_ENABLE_OBJC_ARC = YES;
				CLANG_ENABLE_OBJC_WEAK = YES;
				CLANG_WARN_BLOCK_CAPTURE_AUTORELEASING = YES;
				CLANG_WARN_BOOL_CONVERSION = YES;
				CLANG_WARN_COMMA = YES;
				CLANG_WARN_CONSTANT_CONVERSION = YES;
				CLANG_WARN_DEPRECATED_OBJC_IMPLEMENTATIONS = YES;
				CLANG_WARN_DIRECT_OBJC_ISA_USAGE = YES_ERROR;
				CLANG_WARN_DOCUMENTATION_COMMENTS = YES;
				CLANG_WARN_EMPTY_BODY = YES;
				CLANG_WARN_ENUM_CONVERSION = YES;
				CLANG_WARN_INFINITE_RECURSION = YES;
				CLANG_WARN_INT_CONVERSION = YES;
				CLANG_WARN_NON_LITERAL_NULL_CONVERSION = YES;
				CLANG_WARN_OBJC_IMPLICIT_RETAIN_SELF = YES;
				CLANG_WARN_OBJC_LITERAL_CONVERSION = YES;
				CLANG_WARN_OBJC_ROOT_CLASS = YES_ERROR;
				CLANG_WARN_RANGE_LOOP_ANALYSIS = YES;
				CLANG_WARN_STRICT_PROTOTYPES = YES;
				CLANG_WARN_SUSPICIOUS_MOVE = YES;
				CLANG_WARN_UNGUARDED_AVAILABILITY = YES_AGGRESSIVE;
				CLANG_WARN_UNREACHABLE_CODE = YES;
				CLANG_WARN__DUPLICATE_METHOD_MATCH = YES;
				COPY_PHASE_STRIP = NO;
				DEBUG_INFORMATION_FORMAT = "dwarf-with-dsym";
				ENABLE_NS_ASSERTIONS = NO;
				ENABLE_STRICT_OBJC_MSGSEND = YES;
				GCC_C_LANGUAGE_STANDARD = gnu11;
				GCC_NO_COMMON_BLOCKS = YES;
				GCC_WARN_64_TO_32_BIT_CONVERSION = YES;
				GCC_WARN_ABOUT_RETURN_TYPE = YES_ERROR;
				GCC_WARN_UNDECLARED_SELECTOR = YES;
				GCC_WARN_UNINITIALIZED_AUTOS = YES_AGGRESSIVE;
				GCC_WARN_UNUSED_FUNCTION = YES;
				GCC_WARN_UNUSED_VARIABLE = YES;
				IPHONEOS_DEPLOYMENT_TARGET = 13.5;
				MTL_ENABLE_DEBUG_INFO = NO;
				MTL_FAST_MATH = YES;
				SDKROOT = iphoneos;
				SWIFT_COMPILATION_MODE = wholemodule;
				SWIFT_OPTIMIZATION_LEVEL = "-O";
				VALIDATE_PRODUCT = YES;
			};
			name = Release;
		};
		48384A952477872F00F7AE13 /* Debug */ = {
			isa = XCBuildConfiguration;
			buildSettings = {
				ASSETCATALOG_COMPILER_APPICON_NAME = AppIcon;
				CODE_SIGN_STYLE = Automatic;
				DEVELOPMENT_ASSET_PATHS = "\"Dunlop/Preview Content\"";
				DEVELOPMENT_TEAM = 6UTUM98386;
				ENABLE_PREVIEWS = YES;
				INFOPLIST_FILE = Dunlop/Info.plist;
				LD_RUNPATH_SEARCH_PATHS = (
					"$(inherited)",
					"@executable_path/Frameworks",
				);
				PRODUCT_BUNDLE_IDENTIFIER = co.th.tyre.Dunlop;
				PRODUCT_NAME = "$(TARGET_NAME)";
				SWIFT_VERSION = 5.0;
				TARGETED_DEVICE_FAMILY = "1,2";
			};
			name = Debug;
		};
		48384A962477872F00F7AE13 /* Release */ = {
			isa = XCBuildConfiguration;
			buildSettings = {
				ASSETCATALOG_COMPILER_APPICON_NAME = AppIcon;
				CODE_SIGN_STYLE = Automatic;
				DEVELOPMENT_ASSET_PATHS = "\"Dunlop/Preview Content\"";
				DEVELOPMENT_TEAM = 6UTUM98386;
				ENABLE_PREVIEWS = YES;
				INFOPLIST_FILE = Dunlop/Info.plist;
				LD_RUNPATH_SEARCH_PATHS = (
					"$(inherited)",
					"@executable_path/Frameworks",
				);
				PRODUCT_BUNDLE_IDENTIFIER = co.th.tyre.Dunlop;
				PRODUCT_NAME = "$(TARGET_NAME)";
				SWIFT_VERSION = 5.0;
				TARGETED_DEVICE_FAMILY = "1,2";
			};
			name = Release;
		};
/* End XCBuildConfiguration section */

/* Begin XCConfigurationList section */
		48384A7B2477872A00F7AE13 /* Build configuration list for PBXProject "Dunlop" */ = {
			isa = XCConfigurationList;
			buildConfigurations = (
				48384A922477872F00F7AE13 /* Debug */,
				48384A932477872F00F7AE13 /* Release */,
			);
			defaultConfigurationIsVisible = 0;
			defaultConfigurationName = Release;
		};
		48384A942477872F00F7AE13 /* Build configuration list for PBXNativeTarget "Dunlop" */ = {
			isa = XCConfigurationList;
			buildConfigurations = (
				48384A952477872F00F7AE13 /* Debug */,
				48384A962477872F00F7AE13 /* Release */,
			);
			defaultConfigurationIsVisible = 0;
			defaultConfigurationName = Release;
		};
/* End XCConfigurationList section */
	};
	rootObject = 48384A782477872A00F7AE13 /* Project object */;
}
